
Microsoft Visual Studio Solution File, Format Version 12.00
# Visual Studio Version 16
VisualStudioVersion = 16.0.29728.190
MinimumVisualStudioVersion = 10.0.40219.1
Project("{FAE04EC0-301F-11D3-BF4B-00C04F79EFBC}") = "exampleProject", "exampleProject\exampleProject.csproj", "{EFC5528B-9372-4F1E-AA1E-4992656E12B6}"
EndProject
Global
	GlobalSection(SolutionConfigurationPlatforms) = preSolution
		Debug|Any CPU = Debug|Any CPU
		Release|Any CPU = Release|Any CPU
	EndGlobalSection
	GlobalSection(ProjectConfigurationPlatforms) = postSolution
		{EFC5528B-9372-4F1E-AA1E-4992656E12B6}.Debug|Any CPU.ActiveCfg = Debug|Any CPU
		{EFC5528B-9372-4F1E-AA1E-4992656E12B6}.Debug|Any CPU.Build.0 = Debug|Any CPU
		{EFC5528B-9372-4F1E-AA1E-4992656E12B6}.Release|Any CPU.ActiveCfg = Release|Any CPU
		{EFC5528B-9372-4F1E-AA1E-4992656E12B6}.Release|Any CPU.Build.0 = Release|Any CPU
	EndGlobalSection
	GlobalSection(SolutionProperties) = preSolution
		HideSolutionNode = FALSE
	EndGlobalSection
	GlobalSection(ExtensibilityGlobals) = postSolution
		SolutionGuid = {4C07B757-CAFD-4A75-B489-363E06BFA4D8}
	EndGlobalSection
EndGlobal
